{
  "name": "Provas anteriores",
  "lockfileVersion": 2,
  "requires": true,
  "packages": {
    "": {
      "dependencies": {
        "scanf-printf-obi": "^1.0.0"
      }
    },
    "node_modules/scanf-printf-obi": {
      "version": "1.0.0",
      "resolved": "https://registry.npmjs.org/scanf-printf-obi/-/scanf-printf-obi-1.0.0.tgz",
      "integrity": "sha512-XSBZzkGnPqBDF17wAuycT+820pSPSU3GLyTR77O68gkndlAa6drZoNdHPumRvE6FUFuw0H1ws9nK4bytWKBZhw=="
    }
  },
  "dependencies": {
    "scanf-printf-obi": {
      "version": "1.0.0",
      "resolved": "https://registry.npmjs.org/scanf-printf-obi/-/scanf-printf-obi-1.0.0.tgz",
      "integrity": "sha512-XSBZzkGnPqBDF17wAuycT+820pSPSU3GLyTR77O68gkndlAa6drZoNdHPumRvE6FUFuw0H1ws9nK4bytWKBZhw=="
    }
  }
}
